
Microsoft Visual Studio Solution File, Format Version 12.00
# Visual Studio Version 16
VisualStudioVersion = 16.0.30503.244
MinimumVisualStudioVersion = 10.0.40219.1
Project("{FAE04EC0-301F-11D3-BF4B-00C04F79EFBC}") = "MultiLanguageApp.Android", "MultiLanguageApp\MultiLanguageApp.Android\MultiLanguageApp.Android.csproj", "{613A4F3A-9E67-4CCA-949C-727D25AB9B45}"
EndProject
Project("{FAE04EC0-301F-11D3-BF4B-00C04F79EFBC}") = "MultiLanguageApp.iOS", "MultiLanguageApp\MultiLanguageApp.iOS\MultiLanguageApp.iOS.csproj", "{82218160-B9E2-49A1-ADD4-C19FD5057A11}"
EndProject
Project("{FAE04EC0-301F-11D3-BF4B-00C04F79EFBC}") = "MultiLanguageApp", "MultiLanguageApp\MultiLanguageApp\MultiLanguageApp.csproj", "{507CF930-14D9-4E5C-928F-76E992E88016}"
EndProject
Global
	GlobalSection(SolutionConfigurationPlatforms) = preSolution
		Debug|Any CPU = Debug|Any CPU
		Debug|iPhone = Debug|iPhone
		Debug|iPhoneSimulator = Debug|iPhoneSimulator
		Release|Any CPU = Release|Any CPU
		Release|iPhone = Release|iPhone
		Release|iPhoneSimulator = Release|iPhoneSimulator
	EndGlobalSection
	GlobalSection(ProjectConfigurationPlatforms) = postSolution
		{613A4F3A-9E67-4CCA-949C-727D25AB9B45}.Debug|Any CPU.ActiveCfg = Debug|Any CPU
		{613A4F3A-9E67-4CCA-949C-727D25AB9B45}.Debug|Any CPU.Build.0 = Debug|Any CPU
		{613A4F3A-9E67-4CCA-949C-727D25AB9B45}.Debug|Any CPU.Deploy.0 = Debug|Any CPU
		{613A4F3A-9E67-4CCA-949C-727D25AB9B45}.Debug|iPhone.ActiveCfg = Debug|Any CPU
		{613A4F3A-9E67-4CCA-949C-727D25AB9B45}.Debug|iPhone.Build.0 = Debug|Any CPU
		{613A4F3A-9E67-4CCA-949C-727D25AB9B45}.Debug|iPhone.Deploy.0 = Debug|Any CPU
		{613A4F3A-9E67-4CCA-949C-727D25AB9B45}.Debug|iPhoneSimulator.ActiveCfg = Debug|Any CPU
		{613A4F3A-9E67-4CCA-949C-727D25AB9B45}.Debug|iPhoneSimulator.Build.0 = Debug|Any CPU
		{613A4F3A-9E67-4CCA-949C-727D25AB9B45}.Debug|iPhoneSimulator.Deploy.0 = Debug|Any CPU
		{613A4F3A-9E67-4CCA-949C-727D25AB9B45}.Release|Any CPU.ActiveCfg = Release|Any CPU
		{613A4F3A-9E67-4CCA-949C-727D25AB9B45}.Release|Any CPU.Build.0 = Release|Any CPU
		{613A4F3A-9E67-4CCA-949C-727D25AB9B45}.Release|Any CPU.Deploy.0 = Release|Any CPU
		{613A4F3A-9E67-4CCA-949C-727D25AB9B45}.Release|iPhone.ActiveCfg = Release|Any CPU
		{613A4F3A-9E67-4CCA-949C-727D25AB9B45}.Release|iPhone.Build.0 = Release|Any CPU
		{613A4F3A-9E67-4CCA-949C-727D25AB9B45}.Release|iPhone.Deploy.0 = Release|Any CPU
		{613A4F3A-9E67-4CCA-949C-727D25AB9B45}.Release|iPhoneSimulator.ActiveCfg = Release|Any CPU
		{613A4F3A-9E67-4CCA-949C-727D25AB9B45}.Release|iPhoneSimulator.Build.0 = Release|Any CPU
		{613A4F3A-9E67-4CCA-949C-727D25AB9B45}.Release|iPhoneSimulator.Deploy.0 = Release|Any CPU
		{82218160-B9E2-49A1-ADD4-C19FD5057A11}.Debug|Any CPU.ActiveCfg = Debug|iPhone
		{82218160-B9E2-49A1-ADD4-C19FD5057A11}.Debug|Any CPU.Build.0 = Debug|iPhone
		{82218160-B9E2-49A1-ADD4-C19FD5057A11}.Debug|Any CPU.Deploy.0 = Debug|iPhone
		{82218160-B9E2-49A1-ADD4-C19FD5057A11}.Debug|iPhone.ActiveCfg = Debug|iPhone
		{82218160-B9E2-49A1-ADD4-C19FD5057A11}.Debug|iPhone.Build.0 = Debug|iPhone
		{82218160-B9E2-49A1-ADD4-C19FD5057A11}.Debug|iPhone.Deploy.0 = Debug|iPhone
		{82218160-B9E2-49A1-ADD4-C19FD5057A11}.Debug|iPhoneSimulator.ActiveCfg = Debug|iPhoneSimulator
		{82218160-B9E2-49A1-ADD4-C19FD5057A11}.Debug|iPhoneSimulator.Build.0 = Debug|iPhoneSimulator
		{82218160-B9E2-49A1-ADD4-C19FD5057A11}.Debug|iPhoneSimulator.Deploy.0 = Debug|iPhoneSimulator
		{82218160-B9E2-49A1-ADD4-C19FD5057A11}.Release|Any CPU.ActiveCfg = Release|iPhoneSimulator
		{82218160-B9E2-49A1-ADD4-C19FD5057A11}.Release|Any CPU.Build.0 = Release|iPhoneSimulator
		{82218160-B9E2-49A1-ADD4-C19FD5057A11}.Release|Any CPU.Deploy.0 = Release|iPhoneSimulator
		{82218160-B9E2-49A1-ADD4-C19FD5057A11}.Release|iPhone.ActiveCfg = Release|iPhone
		{82218160-B9E2-49A1-ADD4-C19FD5057A11}.Release|iPhone.Build.0 = Release|iPhone
		{82218160-B9E2-49A1-ADD4-C19FD5057A11}.Release|iPhone.Deploy.0 = Release|iPhone
		{82218160-B9E2-49A1-ADD4-C19FD5057A11}.Release|iPhoneSimulator.ActiveCfg = Release|iPhoneSimulator
		{82218160-B9E2-49A1-ADD4-C19FD5057A11}.Release|iPhoneSimulator.Build.0 = Release|iPhoneSimulator
		{82218160-B9E2-49A1-ADD4-C19FD5057A11}.Release|iPhoneSimulator.Deploy.0 = Release|iPhoneSimulator
		{507CF930-14D9-4E5C-928F-76E992E88016}.Debug|Any CPU.ActiveCfg = Debug|Any CPU
		{507CF930-14D9-4E5C-928F-76E992E88016}.Debug|Any CPU.Build.0 = Debug|Any CPU
		{507CF930-14D9-4E5C-928F-76E992E88016}.Debug|Any CPU.Deploy.0 = Debug|Any CPU
		{507CF930-14D9-4E5C-928F-76E992E88016}.Debug|iPhone.ActiveCfg = Debug|Any CPU
		{507CF930-14D9-4E5C-928F-76E992E88016}.Debug|iPhone.Build.0 = Debug|Any CPU
		{507CF930-14D9-4E5C-928F-76E992E88016}.Debug|iPhone.Deploy.0 = Debug|Any CPU
		{507CF930-14D9-4E5C-928F-76E992E88016}.Debug|iPhoneSimulator.ActiveCfg = Debug|Any CPU
		{507CF930-14D9-4E5C-928F-76E992E88016}.Debug|iPhoneSimulator.Build.0 = Debug|Any CPU
		{507CF930-14D9-4E5C-928F-76E992E88016}.Debug|iPhoneSimulator.Deploy.0 = Debug|Any CPU
		{507CF930-14D9-4E5C-928F-76E992E88016}.Release|Any CPU.ActiveCfg = Release|Any CPU
		{507CF930-14D9-4E5C-928F-76E992E88016}.Release|Any CPU.Build.0 = Release|Any CPU
		{507CF930-14D9-4E5C-928F-76E992E88016}.Release|Any CPU.Deploy.0 = Release|Any CPU
		{507CF930-14D9-4E5C-928F-76E992E88016}.Release|iPhone.ActiveCfg = Release|Any CPU
		{507CF930-14D9-4E5C-928F-76E992E88016}.Release|iPhone.Build.0 = Release|Any CPU
		{507CF930-14D9-4E5C-928F-76E992E88016}.Release|iPhone.Deploy.0 = Release|Any CPU
		{507CF930-14D9-4E5C-928F-76E992E88016}.Release|iPhoneSimulator.ActiveCfg = Release|Any CPU
		{507CF930-14D9-4E5C-928F-76E992E88016}.Release|iPhoneSimulator.Build.0 = Release|Any CPU
		{507CF930-14D9-4E5C-928F-76E992E88016}.Release|iPhoneSimulator.Deploy.0 = Release|Any CPU
	EndGlobalSection
	GlobalSection(SolutionProperties) = preSolution
		HideSolutionNode = FALSE
	EndGlobalSection
	GlobalSection(ExtensibilityGlobals) = postSolution
		SolutionGuid = {34F5A7D8-A124-41BC-99A5-E1119C36AACD}
	EndGlobalSection
EndGlobal
